
Microsoft Visual Studio Solution File, Format Version 12.00
# Visual Studio Version 16
VisualStudioVersion = 16.0.31112.23
MinimumVisualStudioVersion = 10.0.40219.1
Project("{8BC9CEB8-8B4A-11D0-8D11-00A0C91BC942}") = "Framework", "Framework\Framework.vcxproj", "{7CDB117D-DDEE-44E8-9024-A6BA58876A98}"
EndProject
Project("{8BC9CEB8-8B4A-11D0-8D11-00A0C91BC942}") = "UnitTest", "UnitTest\UnitTest.vcxproj", "{2383677B-F4CF-4973-B84A-AB974D2A22EB}"
	ProjectSection(ProjectDependencies) = postProject
		{7CDB117D-DDEE-44E8-9024-A6BA58876A98} = {7CDB117D-DDEE-44E8-9024-A6BA58876A98}
	EndProjectSection
EndProject
Project("{2150E333-8FDC-42A3-9474-1A3956D46DE8}") = "_Shaders", "_Shaders", "{7FF61F7B-06A9-48EE-B1C6-87D7376CBDF4}"
	ProjectSection(SolutionItems) = preProject
		_Shaders\01_Line.fx = _Shaders\01_Line.fx
		_Shaders\02_Pass.fx = _Shaders\02_Pass.fx
		_Shaders\03_Mesh.fx = _Shaders\03_Mesh.fx
		_Shaders\04_World.fx = _Shaders\04_World.fx
		_Shaders\05_Grid.fx = _Shaders\05_Grid.fx
		_Shaders\06_Texture.fx = _Shaders\06_Texture.fx
		_Shaders\07.SamplerState.fx = _Shaders\07.SamplerState.fx
		_Shaders\08_Terrain.fx = _Shaders\08_Terrain.fx
		_Shaders\09_DebugLine.fx = _Shaders\09_DebugLine.fx
		_Shaders\10_Terrain.fx = _Shaders\10_Terrain.fx
		_Shaders\11_Mesh.fx = _Shaders\11_Mesh.fx
	EndProjectSection
EndProject
Global
	GlobalSection(SolutionConfigurationPlatforms) = preSolution
		Debug|x86 = Debug|x86
		Release|x86 = Release|x86
	EndGlobalSection
	GlobalSection(ProjectConfigurationPlatforms) = postSolution
		{7CDB117D-DDEE-44E8-9024-A6BA58876A98}.Debug|x86.ActiveCfg = Debug|Win32
		{7CDB117D-DDEE-44E8-9024-A6BA58876A98}.Debug|x86.Build.0 = Debug|Win32
		{7CDB117D-DDEE-44E8-9024-A6BA58876A98}.Release|x86.ActiveCfg = Release|Win32
		{7CDB117D-DDEE-44E8-9024-A6BA58876A98}.Release|x86.Build.0 = Release|Win32
		{2383677B-F4CF-4973-B84A-AB974D2A22EB}.Debug|x86.ActiveCfg = Debug|Win32
		{2383677B-F4CF-4973-B84A-AB974D2A22EB}.Debug|x86.Build.0 = Debug|Win32
		{2383677B-F4CF-4973-B84A-AB974D2A22EB}.Release|x86.ActiveCfg = Release|Win32
		{2383677B-F4CF-4973-B84A-AB974D2A22EB}.Release|x86.Build.0 = Release|Win32
	EndGlobalSection
	GlobalSection(SolutionProperties) = preSolution
		HideSolutionNode = FALSE
	EndGlobalSection
	GlobalSection(ExtensibilityGlobals) = postSolution
		SolutionGuid = {F39C57EB-ADAA-491C-952E-44B2699B122A}
	EndGlobalSection
EndGlobal
