<?xml version="1.0" encoding="utf-8"?>
<Project ToolsVersion="4.0" xmlns="http://schemas.microsoft.com/developer/msbuild/2003">
  <ItemGroup>
    <ClCompile Include="Main.cpp" />
    <ClCompile Include="stdafx.cpp" />
    <ClCompile Include="VertexLineColorDemo.cpp">
      <Filter>Line</Filter>
    </ClCompile>
    <ClCompile Include="VertexLineDemo.cpp">
      <Filter>Line</Filter>
    </ClCompile>
    <ClCompile Include="VertexTopologyDemo.cpp">
      <Filter>Line</Filter>
    </ClCompile>
    <ClCompile Include="PolygonDemo.cpp">
      <Filter>Mesh</Filter>
    </ClCompile>
    <ClCompile Include="PlainDemo.cpp">
      <Filter>Mesh</Filter>
    </ClCompile>
    <ClCompile Include="WorldDemo.cpp">
      <Filter>World</Filter>
    </ClCompile>
    <ClCompile Include="IndexBufferDemo.cpp">
      <Filter>World</Filter>
    </ClCompile>
    <ClCompile Include="GridDemo.cpp">
      <Filter>Mesh</Filter>
    </ClCompile>
    <ClCompile Include="TextureDemo.cpp">
      <Filter>Mesh</Filter>
    </ClCompile>
    <ClCompile Include="SamplerStateDemo.cpp">
      <Filter>Mesh</Filter>
    </ClCompile>
    <ClCompile Include="TerrainDemo.cpp">
      <Filter>World</Filter>
    </ClCompile>
  </ItemGroup>
  <ItemGroup>
    <ClInclude Include="Main.h" />
    <ClInclude Include="stdafx.h" />
    <ClInclude Include="VertexLineColorDemo.h">
      <Filter>Line</Filter>
    </ClInclude>
    <ClInclude Include="VertexLineDemo.h">
      <Filter>Line</Filter>
    </ClInclude>
    <ClInclude Include="VertexTopologyDemo.h">
      <Filter>Line</Filter>
    </ClInclude>
    <ClInclude Include="PolygonDemo.h">
      <Filter>Mesh</Filter>
    </ClInclude>
    <ClInclude Include="PlainDemo.h">
      <Filter>Mesh</Filter>
    </ClInclude>
    <ClInclude Include="WorldDemo.h">
      <Filter>World</Filter>
    </ClInclude>
    <ClInclude Include="IndexBufferDemo.h">
      <Filter>World</Filter>
    </ClInclude>
    <ClInclude Include="GridDemo.h">
      <Filter>Mesh</Filter>
    </ClInclude>
    <ClInclude Include="TextureDemo.h">
      <Filter>Mesh</Filter>
    </ClInclude>
    <ClInclude Include="SamplerStateDemo.h">
      <Filter>Mesh</Filter>
    </ClInclude>
    <ClInclude Include="TerrainDemo.h">
      <Filter>World</Filter>
    </ClInclude>
  </ItemGroup>
  <ItemGroup>
    <Filter Include="Line">
      <UniqueIdentifier>{dbf2b681-0950-40fb-ab65-febec85f20c7}</UniqueIdentifier>
    </Filter>
    <Filter Include="Mesh">
      <UniqueIdentifier>{de0e0828-7ffc-4115-9f02-7213f18f8fb9}</UniqueIdentifier>
    </Filter>
    <Filter Include="World">
      <UniqueIdentifier>{231a90ea-448f-42eb-b661-0cf4b84b2ad1}</UniqueIdentifier>
    </Filter>
  </ItemGroup>
</Project>